// !$*UTF8*$!
{
	archiveVersion = 1;
	classes = {
	};
	objectVersion = 46;
	objects = {

/* Begin PBXBuildFile section */
		42E3A05E1C8F089400E44C2F /* AppDelegate.swift in Sources */ = {isa = PBXBuildFile; fileRef = 42E3A05D1C8F089400E44C2F /* AppDelegate.swift */; };
		42E3A0651C8F089400E44C2F /* Main.storyboard in Resources */ = {isa = PBXBuildFile; fileRef = 42E3A0631C8F089400E44C2F /* Main.storyboard */; };
		42E3A0671C8F089400E44C2F /* Assets.xcassets in Resources */ = {isa = PBXBuildFile; fileRef = 42E3A0661C8F089400E44C2F /* Assets.xcassets */; };
		42E3A06A1C8F089400E44C2F /* LaunchScreen.storyboard in Resources */ = {isa = PBXBuildFile; fileRef = 42E3A0681C8F089400E44C2F /* LaunchScreen.storyboard */; };
		42E3A0751C8F089400E44C2F /* ContectsAppTests.swift in Sources */ = {isa = PBXBuildFile; fileRef = 42E3A0741C8F089400E44C2F /* ContectsAppTests.swift */; };
		42E3A0801C8F089500E44C2F /* ContectsAppUITests.swift in Sources */ = {isa = PBXBuildFile; fileRef = 42E3A07F1C8F089500E44C2F /* ContectsAppUITests.swift */; };
		42E3A08E1C8F09EE00E44C2F /* ContactsTableViewController.swift in Sources */ = {isa = PBXBuildFile; fileRef = 42E3A08D1C8F09EE00E44C2F /* ContactsTableViewController.swift */; };
		42E3A0901C8F0BFA00E44C2F /* Contact.swift in Sources */ = {isa = PBXBuildFile; fileRef = 42E3A08F1C8F0BFA00E44C2F /* Contact.swift */; };
		42E3A0921C8F173A00E44C2F /* ContactCell.swift in Sources */ = {isa = PBXBuildFile; fileRef = 42E3A0911C8F173A00E44C2F /* ContactCell.swift */; };
		42E3A0941C8F1E0600E44C2F /* ContactDetails.swift in Sources */ = {isa = PBXBuildFile; fileRef = 42E3A0931C8F1E0600E44C2F /* ContactDetails.swift */; };
/* End PBXBuildFile section */

/* Begin PBXContainerItemProxy section */
		42E3A0711C8F089400E44C2F /* PBXContainerItemProxy */ = {
			isa = PBXContainerItemProxy;
			containerPortal = 42E3A0521C8F089300E44C2F /* Project object */;
			proxyType = 1;
			remoteGlobalIDString = 42E3A0591C8F089400E44C2F;
			remoteInfo = ContectsApp;
		};
		42E3A07C1C8F089400E44C2F /* PBXContainerItemProxy */ = {
			isa = PBXContainerItemProxy;
			containerPortal = 42E3A0521C8F089300E44C2F /* Project object */;
			proxyType = 1;
			remoteGlobalIDString = 42E3A0591C8F089400E44C2F;
			remoteInfo = ContectsApp;
		};
/* End PBXContainerItemProxy section */

/* Begin PBXFileReference section */
		42E3A05A1C8F089400E44C2F /* ContectsApp.app */ = {isa = PBXFileReference; explicitFileType = wrapper.application; includeInIndex = 0; path = ContectsApp.app; sourceTree = BUILT_PRODUCTS_DIR; };
		42E3A05D1C8F089400E44C2F /* AppDelegate.swift */ = {isa = PBXFileReference; lastKnownFileType = sourcecode.swift; path = AppDelegate.swift; sourceTree = "<group>"; };
		42E3A0641C8F089400E44C2F /* Base */ = {isa = PBXFileReference; lastKnownFileType = file.storyboard; name = Base; path = Base.lproj/Main.storyboard; sourceTree = "<group>"; };
		42E3A0661C8F089400E44C2F /* Assets.xcassets */ = {isa = PBXFileReference; lastKnownFileType = folder.assetcatalog; path = Assets.xcassets; sourceTree = "<group>"; };
		42E3A0691C8F089400E44C2F /* Base */ = {isa = PBXFileReference; lastKnownFileType = file.storyboard; name = Base; path = Base.lproj/LaunchScreen.storyboard; sourceTree = "<group>"; };
		42E3A06B1C8F089400E44C2F /* Info.plist */ = {isa = PBXFileReference; lastKnownFileType = text.plist.xml; path = Info.plist; sourceTree = "<group>"; };
		42E3A0701C8F089400E44C2F /* ContectsAppTests.xctest */ = {isa = PBXFileReference; explicitFileType = wrapper.cfbundle; includeInIndex = 0; path = ContectsAppTests.xctest; sourceTree = BUILT_PRODUCTS_DIR; };
		42E3A0741C8F089400E44C2F /* ContectsAppTests.swift */ = {isa = PBXFileReference; lastKnownFileType = sourcecode.swift; path = ContectsAppTests.swift; sourceTree = "<group>"; };
		42E3A0761C8F089400E44C2F /* Info.plist */ = {isa = PBXFileReference; lastKnownFileType = text.plist.xml; path = Info.plist; sourceTree = "<group>"; };
		42E3A07B1C8F089400E44C2F /* ContectsAppUITests.xctest */ = {isa = PBXFileReference; explicitFileType = wrapper.cfbundle; includeInIndex = 0; path = ContectsAppUITests.xctest; sourceTree = BUILT_PRODUCTS_DIR; };
		42E3A07F1C8F089500E44C2F /* ContectsAppUITests.swift */ = {isa = PBXFileReference; lastKnownFileType = sourcecode.swift; path = ContectsAppUITests.swift; sourceTree = "<group>"; };
		42E3A0811C8F089500E44C2F /* Info.plist */ = {isa = PBXFileReference; lastKnownFileType = text.plist.xml; path = Info.plist; sourceTree = "<group>"; };
		42E3A08D1C8F09EE00E44C2F /* ContactsTableViewController.swift */ = {isa = PBXFileReference; fileEncoding = 4; lastKnownFileType = sourcecode.swift; path = ContactsTableViewController.swift; sourceTree = "<group>"; };
		42E3A08F1C8F0BFA00E44C2F /* Contact.swift */ = {isa = PBXFileReference; fileEncoding = 4; lastKnownFileType = sourcecode.swift; path = Contact.swift; sourceTree = "<group>"; };
		42E3A0911C8F173A00E44C2F /* ContactCell.swift */ = {isa = PBXFileReference; fileEncoding = 4; lastKnownFileType = sourcecode.swift; path = ContactCell.swift; sourceTree = "<group>"; };
		42E3A0931C8F1E0600E44C2F /* ContactDetails.swift */ = {isa = PBXFileReference; fileEncoding = 4; lastKnownFileType = sourcecode.swift; path = ContactDetails.swift; sourceTree = "<group>"; };
/* End PBXFileReference section */

/* Begin PBXFrameworksBuildPhase section */
		42E3A0571C8F089400E44C2F /* Frameworks */ = {
			isa = PBXFrameworksBuildPhase;
			buildActionMask = 2147483647;
			files = (
			);
			runOnlyForDeploymentPostprocessing = 0;
		};
		42E3A06D1C8F089400E44C2F /* Frameworks */ = {
			isa = PBXFrameworksBuildPhase;
			buildActionMask = 2147483647;
			files = (
			);
			runOnlyForDeploymentPostprocessing = 0;
		};
		42E3A0781C8F089400E44C2F /* Frameworks */ = {
			isa = PBXFrameworksBuildPhase;
			buildActionMask = 2147483647;
			files = (
			);
			runOnlyForDeploymentPostprocessing = 0;
		};
/* End PBXFrameworksBuildPhase section */

/* Begin PBXGroup section */
		42E3A0511C8F089300E44C2F = {
			isa = PBXGroup;
			children = (
				42E3A05C1C8F089400E44C2F /* ContectsApp */,
				42E3A0731C8F089400E44C2F /* ContectsAppTests */,
				42E3A07E1C8F089500E44C2F /* ContectsAppUITests */,
				42E3A05B1C8F089400E44C2F /* Products */,
			);
			sourceTree = "<group>";
		};
		42E3A05B1C8F089400E44C2F /* Products */ = {
			isa = PBXGroup;
			children = (
				42E3A05A1C8F089400E44C2F /* ContectsApp.app */,
				42E3A0701C8F089400E44C2F /* ContectsAppTests.xctest */,
				42E3A07B1C8F089400E44C2F /* ContectsAppUITests.xctest */,
			);
			name = Products;
			sourceTree = "<group>";
		};
		42E3A05C1C8F089400E44C2F /* ContectsApp */ = {
			isa = PBXGroup;
			children = (
				42E3A05D1C8F089400E44C2F /* AppDelegate.swift */,
				42E3A0911C8F173A00E44C2F /* ContactCell.swift */,
				42E3A0631C8F089400E44C2F /* Main.storyboard */,
				42E3A0931C8F1E0600E44C2F /* ContactDetails.swift */,
				42E3A08D1C8F09EE00E44C2F /* ContactsTableViewController.swift */,
				42E3A08F1C8F0BFA00E44C2F /* Contact.swift */,
				42E3A0661C8F089400E44C2F /* Assets.xcassets */,
				42E3A0681C8F089400E44C2F /* LaunchScreen.storyboard */,
				42E3A06B1C8F089400E44C2F /* Info.plist */,
			);
			path = ContectsApp;
			sourceTree = "<group>";
		};
		42E3A0731C8F089400E44C2F /* ContectsAppTests */ = {
			isa = PBXGroup;
			children = (
				42E3A0741C8F089400E44C2F /* ContectsAppTests.swift */,
				42E3A0761C8F089400E44C2F /* Info.plist */,
			);
			path = ContectsAppTests;
			sourceTree = "<group>";
		};
		42E3A07E1C8F089500E44C2F /* ContectsAppUITests */ = {
			isa = PBXGroup;
			children = (
				42E3A07F1C8F089500E44C2F /* ContectsAppUITests.swift */,
				42E3A0811C8F089500E44C2F /* Info.plist */,
			);
			path = ContectsAppUITests;
			sourceTree = "<group>";
		};
/* End PBXGroup section */

/* Begin PBXNativeTarget section */
		42E3A0591C8F089400E44C2F /* ContectsApp */ = {
			isa = PBXNativeTarget;
			buildConfigurationList = 42E3A0841C8F089500E44C2F /* Build configuration list for PBXNativeTarget "ContectsApp" */;
			buildPhases = (
				42E3A0561C8F089400E44C2F /* Sources */,
				42E3A0571C8F089400E44C2F /* Frameworks */,
				42E3A0581C8F089400E44C2F /* Resources */,
			);
			buildRules = (
			);
			dependencies = (
			);
			name = ContectsApp;
			productName = ContectsApp;
			productReference = 42E3A05A1C8F089400E44C2F /* ContectsApp.app */;
			productType = "com.apple.product-type.application";
		};
		42E3A06F1C8F089400E44C2F /* ContectsAppTests */ = {
			isa = PBXNativeTarget;
			buildConfigurationList = 42E3A0871C8F089500E44C2F /* Build configuration list for PBXNativeTarget "ContectsAppTests" */;
			buildPhases = (
				42E3A06C1C8F089400E44C2F /* Sources */,
				42E3A06D1C8F089400E44C2F /* Frameworks */,
				42E3A06E1C8F089400E44C2F /* Resources */,
			);
			buildRules = (
			);
			dependencies = (
				42E3A0721C8F089400E44C2F /* PBXTargetDependency */,
			);
			name = ContectsAppTests;
			productName = ContectsAppTests;
			productReference = 42E3A0701C8F089400E44C2F /* ContectsAppTests.xctest */;
			productType = "com.apple.product-type.bundle.unit-test";
		};
		42E3A07A1C8F089400E44C2F /* ContectsAppUITests */ = {
			isa = PBXNativeTarget;
			buildConfigurationList = 42E3A08A1C8F089500E44C2F /* Build configuration list for PBXNativeTarget "ContectsAppUITests" */;
			buildPhases = (
				42E3A0771C8F089400E44C2F /* Sources */,
				42E3A0781C8F089400E44C2F /* Frameworks */,
				42E3A0791C8F089400E44C2F /* Resources */,
			);
			buildRules = (
			);
			dependencies = (
				42E3A07D1C8F089400E44C2F /* PBXTargetDependency */,
			);
			name = ContectsAppUITests;
			productName = ContectsAppUITests;
			productReference = 42E3A07B1C8F089400E44C2F /* ContectsAppUITests.xctest */;
			productType = "com.apple.product-type.bundle.ui-testing";
		};
/* End PBXNativeTarget section */

/* Begin PBXProject section */
		42E3A0521C8F089300E44C2F /* Project object */ = {
			isa = PBXProject;
			attributes = {
				LastSwiftUpdateCheck = 0720;
				LastUpgradeCheck = 0720;
				ORGANIZATIONNAME = "Electricfish Electroincs";
				TargetAttributes = {
					42E3A0591C8F089400E44C2F = {
						CreatedOnToolsVersion = 7.2.1;
					};
					42E3A06F1C8F089400E44C2F = {
						CreatedOnToolsVersion = 7.2.1;
						TestTargetID = 42E3A0591C8F089400E44C2F;
					};
					42E3A07A1C8F089400E44C2F = {
						CreatedOnToolsVersion = 7.2.1;
						TestTargetID = 42E3A0591C8F089400E44C2F;
					};
				};
			};
			buildConfigurationList = 42E3A0551C8F089300E44C2F /* Build configuration list for PBXProject "ContectsApp" */;
			compatibilityVersion = "Xcode 3.2";
			developmentRegion = English;
			hasScannedForEncodings = 0;
			knownRegions = (
				en,
				Base,
			);
			mainGroup = 42E3A0511C8F089300E44C2F;
			productRefGroup = 42E3A05B1C8F089400E44C2F /* Products */;
			projectDirPath = "";
			projectRoot = "";
			targets = (
				42E3A0591C8F089400E44C2F /* ContectsApp */,
				42E3A06F1C8F089400E44C2F /* ContectsAppTests */,
				42E3A07A1C8F089400E44C2F /* ContectsAppUITests */,
			);
		};
/* End PBXProject section */

/* Begin PBXResourcesBuildPhase section */
		42E3A0581C8F089400E44C2F /* Resources */ = {
			isa = PBXResourcesBuildPhase;
			buildActionMask = 2147483647;
			files = (
				42E3A06A1C8F089400E44C2F /* LaunchScreen.storyboard in Resources */,
				42E3A0671C8F089400E44C2F /* Assets.xcassets in Resources */,
				42E3A0651C8F089400E44C2F /* Main.storyboard in Resources */,
			);
			runOnlyForDeploymentPostprocessing = 0;
		};
		42E3A06E1C8F089400E44C2F /* Resources */ = {
			isa = PBXResourcesBuildPhase;
			buildActionMask = 2147483647;
			files = (
			);
			runOnlyForDeploymentPostprocessing = 0;
		};
		42E3A0791C8F089400E44C2F /* Resources */ = {
			isa = PBXResourcesBuildPhase;
			buildActionMask = 2147483647;
			files = (
			);
			runOnlyForDeploymentPostprocessing = 0;
		};
/* End PBXResourcesBuildPhase section */

/* Begin PBXSourcesBuildPhase section */
		42E3A0561C8F089400E44C2F /* Sources */ = {
			isa = PBXSourcesBuildPhase;
			buildActionMask = 2147483647;
			files = (
				42E3A0921C8F173A00E44C2F /* ContactCell.swift in Sources */,
				42E3A0941C8F1E0600E44C2F /* ContactDetails.swift in Sources */,
				42E3A05E1C8F089400E44C2F /* AppDelegate.swift in Sources */,
				42E3A08E1C8F09EE00E44C2F /* ContactsTableViewController.swift in Sources */,
				42E3A0901C8F0BFA00E44C2F /* Contact.swift in Sources */,
			);
			runOnlyForDeploymentPostprocessing = 0;
		};
		42E3A06C1C8F089400E44C2F /* Sources */ = {
			isa = PBXSourcesBuildPhase;
			buildActionMask = 2147483647;
			files = (
				42E3A0751C8F089400E44C2F /* ContectsAppTests.swift in Sources */,
			);
			runOnlyForDeploymentPostprocessing = 0;
		};
		42E3A0771C8F089400E44C2F /* Sources */ = {
			isa = PBXSourcesBuildPhase;
			buildActionMask = 2147483647;
			files = (
				42E3A0801C8F089500E44C2F /* ContectsAppUITests.swift in Sources */,
			);
			runOnlyForDeploymentPostprocessing = 0;
		};
/* End PBXSourcesBuildPhase section */

/* Begin PBXTargetDependency section */
		42E3A0721C8F089400E44C2F /* PBXTargetDependency */ = {
			isa = PBXTargetDependency;
			target = 42E3A0591C8F089400E44C2F /* ContectsApp */;
			targetProxy = 42E3A0711C8F089400E44C2F /* PBXContainerItemProxy */;
		};
		42E3A07D1C8F089400E44C2F /* PBXTargetDependency */ = {
			isa = PBXTargetDependency;
			target = 42E3A0591C8F089400E44C2F /* ContectsApp */;
			targetProxy = 42E3A07C1C8F089400E44C2F /* PBXContainerItemProxy */;
		};
/* End PBXTargetDependency section */

/* Begin PBXVariantGroup section */
		42E3A0631C8F089400E44C2F /* Main.storyboard */ = {
			isa = PBXVariantGroup;
			children = (
				42E3A0641C8F089400E44C2F /* Base */,
			);
			name = Main.storyboard;
			sourceTree = "<group>";
		};
		42E3A0681C8F089400E44C2F /* LaunchScreen.storyboard */ = {
			isa = PBXVariantGroup;
			children = (
				42E3A0691C8F089400E44C2F /* Base */,
			);
			name = LaunchScreen.storyboard;
			sourceTree = "<group>";
		};
/* End PBXVariantGroup section */

/* Begin XCBuildConfiguration section */
		42E3A0821C8F089500E44C2F /* Debug */ = {
			isa = XCBuildConfiguration;
			buildSettings = {
				ALWAYS_SEARCH_USER_PATHS = NO;
				CLANG_CXX_LANGUAGE_STANDARD = "gnu++0x";
				CLANG_CXX_LIBRARY = "libc++";
				CLANG_ENABLE_MODULES = YES;
				CLANG_ENABLE_OBJC_ARC = YES;
				CLANG_WARN_BOOL_CONVERSION = YES;
				CLANG_WARN_CONSTANT_CONVERSION = YES;
				CLANG_WARN_DIRECT_OBJC_ISA_USAGE = YES_ERROR;
				CLANG_WARN_EMPTY_BODY = YES;
				CLANG_WARN_ENUM_CONVERSION = YES;
				CLANG_WARN_INT_CONVERSION = YES;
				CLANG_WARN_OBJC_ROOT_CLASS = YES_ERROR;
				CLANG_WARN_UNREACHABLE_CODE = YES;
				CLANG_WARN__DUPLICATE_METHOD_MATCH = YES;
				"CODE_SIGN_IDENTITY[sdk=iphoneos*]" = "iPhone Developer";
				COPY_PHASE_STRIP = NO;
				DEBUG_INFORMATION_FORMAT = dwarf;
				ENABLE_STRICT_OBJC_MSGSEND = YES;
				ENABLE_TESTABILITY = YES;
				GCC_C_LANGUAGE_STANDARD = gnu99;
				GCC_DYNAMIC_NO_PIC = NO;
				GCC_NO_COMMON_BLOCKS = YES;
				GCC_OPTIMIZATION_LEVEL = 0;
				GCC_PREPROCESSOR_DEFINITIONS = (
					"DEBUG=1",
					"$(inherited)",
				);
				GCC_WARN_64_TO_32_BIT_CONVERSION = YES;
				GCC_WARN_ABOUT_RETURN_TYPE = YES_ERROR;
				GCC_WARN_UNDECLARED_SELECTOR = YES;
				GCC_WARN_UNINITIALIZED_AUTOS = YES_AGGRESSIVE;
				GCC_WARN_UNUSED_FUNCTION = YES;
				GCC_WARN_UNUSED_VARIABLE = YES;
				IPHONEOS_DEPLOYMENT_TARGET = 9.2;
				MTL_ENABLE_DEBUG_INFO = YES;
				ONLY_ACTIVE_ARCH = YES;
				SDKROOT = iphoneos;
				SWIFT_OPTIMIZATION_LEVEL = "-Onone";
				TARGETED_DEVICE_FAMILY = "1,2";
			};
			name = Debug;
		};
		42E3A0831C8F089500E44C2F /* Release */ = {
			isa = XCBuildConfiguration;
			buildSettings = {
				ALWAYS_SEARCH_USER_PATHS = NO;
				CLANG_CXX_LANGUAGE_STANDARD = "gnu++0x";
				CLANG_CXX_LIBRARY = "libc++";
				CLANG_ENABLE_MODULES = YES;
				CLANG_ENABLE_OBJC_ARC = YES;
				CLANG_WARN_BOOL_CONVERSION = YES;
				CLANG_WARN_CONSTANT_CONVERSION = YES;
				CLANG_WARN_DIRECT_OBJC_ISA_USAGE = YES_ERROR;
				CLANG_WARN_EMPTY_BODY = YES;
				CLANG_WARN_ENUM_CONVERSION = YES;
				CLANG_WARN_INT_CONVERSION = YES;
				CLANG_WARN_OBJC_ROOT_CLASS = YES_ERROR;
				CLANG_WARN_UNREACHABLE_CODE = YES;
				CLANG_WARN__DUPLICATE_METHOD_MATCH = YES;
				"CODE_SIGN_IDENTITY[sdk=iphoneos*]" = "iPhone Developer";
				COPY_PHASE_STRIP = NO;
				DEBUG_INFORMATION_FORMAT = "dwarf-with-dsym";
				ENABLE_NS_ASSERTIONS = NO;
				ENABLE_STRICT_OBJC_MSGSEND = YES;
				GCC_C_LANGUAGE_STANDARD = gnu99;
				GCC_NO_COMMON_BLOCKS = YES;
				GCC_WARN_64_TO_32_BIT_CONVERSION = YES;
				GCC_WARN_ABOUT_RETURN_TYPE = YES_ERROR;
				GCC_WARN_UNDECLARED_SELECTOR = YES;
				GCC_WARN_UNINITIALIZED_AUTOS = YES_AGGRESSIVE;
				GCC_WARN_UNUSED_FUNCTION = YES;
				GCC_WARN_UNUSED_VARIABLE = YES;
				IPHONEOS_DEPLOYMENT_TARGET = 9.2;
				MTL_ENABLE_DEBUG_INFO = NO;
				SDKROOT = iphoneos;
				TARGETED_DEVICE_FAMILY = "1,2";
				VALIDATE_PRODUCT = YES;
			};
			name = Release;
		};
		42E3A0851C8F089500E44C2F /* Debug */ = {
			isa = XCBuildConfiguration;
			buildSettings = {
				ASSETCATALOG_COMPILER_APPICON_NAME = AppIcon;
				INFOPLIST_FILE = ContectsApp/Info.plist;
				LD_RUNPATH_SEARCH_PATHS = "$(inherited) @executable_path/Frameworks";
				PRODUCT_BUNDLE_IDENTIFIER = EE.ContectsApp;
				PRODUCT_NAME = "$(TARGET_NAME)";
			};
			name = Debug;
		};
		42E3A0861C8F089500E44C2F /* Release */ = {
			isa = XCBuildConfiguration;
			buildSettings = {
				ASSETCATALOG_COMPILER_APPICON_NAME = AppIcon;
				INFOPLIST_FILE = ContectsApp/Info.plist;
				LD_RUNPATH_SEARCH_PATHS = "$(inherited) @executable_path/Frameworks";
				PRODUCT_BUNDLE_IDENTIFIER = EE.ContectsApp;
				PRODUCT_NAME = "$(TARGET_NAME)";
			};
			name = Release;
		};
		42E3A0881C8F089500E44C2F /* Debug */ = {
			isa = XCBuildConfiguration;
			buildSettings = {
				BUNDLE_LOADER = "$(TEST_HOST)";
				INFOPLIST_FILE = ContectsAppTests/Info.plist;
				LD_RUNPATH_SEARCH_PATHS = "$(inherited) @executable_path/Frameworks @loader_path/Frameworks";
				PRODUCT_BUNDLE_IDENTIFIER = EE.ContectsAppTests;
				PRODUCT_NAME = "$(TARGET_NAME)";
				TEST_HOST = "$(BUILT_PRODUCTS_DIR)/ContectsApp.app/ContectsApp";
			};
			name = Debug;
		};
		42E3A0891C8F089500E44C2F /* Release */ = {
			isa = XCBuildConfiguration;
			buildSettings = {
				BUNDLE_LOADER = "$(TEST_HOST)";
				INFOPLIST_FILE = ContectsAppTests/Info.plist;
				LD_RUNPATH_SEARCH_PATHS = "$(inherited) @executable_path/Frameworks @loader_path/Frameworks";
				PRODUCT_BUNDLE_IDENTIFIER = EE.ContectsAppTests;
				PRODUCT_NAME = "$(TARGET_NAME)";
				TEST_HOST = "$(BUILT_PRODUCTS_DIR)/ContectsApp.app/ContectsApp";
			};
			name = Release;
		};
		42E3A08B1C8F089500E44C2F /* Debug */ = {
			isa = XCBuildConfiguration;
			buildSettings = {
				INFOPLIST_FILE = ContectsAppUITests/Info.plist;
				LD_RUNPATH_SEARCH_PATHS = "$(inherited) @executable_path/Frameworks @loader_path/Frameworks";
				PRODUCT_BUNDLE_IDENTIFIER = EE.ContectsAppUITests;
				PRODUCT_NAME = "$(TARGET_NAME)";
				TEST_TARGET_NAME = ContectsApp;
				USES_XCTRUNNER = YES;
			};
			name = Debug;
		};
		42E3A08C1C8F089500E44C2F /* Release */ = {
			isa = XCBuildConfiguration;
			buildSettings = {
				INFOPLIST_FILE = ContectsAppUITests/Info.plist;
				LD_RUNPATH_SEARCH_PATHS = "$(inherited) @executable_path/Frameworks @loader_path/Frameworks";
				PRODUCT_BUNDLE_IDENTIFIER = EE.ContectsAppUITests;
				PRODUCT_NAME = "$(TARGET_NAME)";
				TEST_TARGET_NAME = ContectsApp;
				USES_XCTRUNNER = YES;
			};
			name = Release;
		};
/* End XCBuildConfiguration section */

/* Begin XCConfigurationList section */
		42E3A0551C8F089300E44C2F /* Build configuration list for PBXProject "ContectsApp" */ = {
			isa = XCConfigurationList;
			buildConfigurations = (
				42E3A0821C8F089500E44C2F /* Debug */,
				42E3A0831C8F089500E44C2F /* Release */,
			);
			defaultConfigurationIsVisible = 0;
			defaultConfigurationName = Release;
		};
		42E3A0841C8F089500E44C2F /* Build configuration list for PBXNativeTarget "ContectsApp" */ = {
			isa = XCConfigurationList;
			buildConfigurations = (
				42E3A0851C8F089500E44C2F /* Debug */,
				42E3A0861C8F089500E44C2F /* Release */,
			);
			defaultConfigurationIsVisible = 0;
		};
		42E3A0871C8F089500E44C2F /* Build configuration list for PBXNativeTarget "ContectsAppTests" */ = {
			isa = XCConfigurationList;
			buildConfigurations = (
				42E3A0881C8F089500E44C2F /* Debug */,
				42E3A0891C8F089500E44C2F /* Release */,
			);
			defaultConfigurationIsVisible = 0;
		};
		42E3A08A1C8F089500E44C2F /* Build configuration list for PBXNativeTarget "ContectsAppUITests" */ = {
			isa = XCConfigurationList;
			buildConfigurations = (
				42E3A08B1C8F089500E44C2F /* Debug */,
				42E3A08C1C8F089500E44C2F /* Release */,
			);
			defaultConfigurationIsVisible = 0;
		};
/* End XCConfigurationList section */
	};
	rootObject = 42E3A0521C8F089300E44C2F /* Project object */;
}
